
Microsoft Visual Studio Solution File, Format Version 12.00
# Visual Studio Version 16
VisualStudioVersion = 16.0.30907.101
MinimumVisualStudioVersion = 10.0.40219.1
Global
	GlobalSection(SolutionConfigurationPlatforms) = preSolution
		Debug|Any CPU = Debug|Any CPU
		Release|Any CPU = Release|Any CPU
	EndGlobalSection
	GlobalSection(ProjectConfigurationPlatforms) = postSolution
		{CC7490D8-5033-4AAD-B072-0FA606EB2C34}.Debug|Any CPU.ActiveCfg = Debug|Any CPU
		{CC7490D8-5033-4AAD-B072-0FA606EB2C34}.Debug|Any CPU.Build.0 = Debug|Any CPU
		{CC7490D8-5033-4AAD-B072-0FA606EB2C34}.Release|Any CPU.ActiveCfg = Release|Any CPU
		{CC7490D8-5033-4AAD-B072-0FA606EB2C34}.Release|Any CPU.Build.0 = Release|Any CPU
		{349E7B9F-A2ED-4FB7-B50A-65C05CCD8103}.Debug|Any CPU.ActiveCfg = Debug|Any CPU
		{349E7B9F-A2ED-4FB7-B50A-65C05CCD8103}.Debug|Any CPU.Build.0 = Debug|Any CPU
		{349E7B9F-A2ED-4FB7-B50A-65C05CCD8103}.Release|Any CPU.ActiveCfg = Release|Any CPU
		{349E7B9F-A2ED-4FB7-B50A-65C05CCD8103}.Release|Any CPU.Build.0 = Release|Any CPU
		{773C3A86-510E-4271-BF32-7051E490B164}.Debug|Any CPU.ActiveCfg = Debug|Any CPU
		{773C3A86-510E-4271-BF32-7051E490B164}.Debug|Any CPU.Build.0 = Debug|Any CPU
		{773C3A86-510E-4271-BF32-7051E490B164}.Release|Any CPU.ActiveCfg = Release|Any CPU
		{773C3A86-510E-4271-BF32-7051E490B164}.Release|Any CPU.Build.0 = Release|Any CPU
		{6A86BAD6-B3C3-46B3-9117-6F9842EE448B}.Debug|Any CPU.ActiveCfg = Debug|Any CPU
		{6A86BAD6-B3C3-46B3-9117-6F9842EE448B}.Debug|Any CPU.Build.0 = Debug|Any CPU
		{6A86BAD6-B3C3-46B3-9117-6F9842EE448B}.Release|Any CPU.ActiveCfg = Release|Any CPU
		{6A86BAD6-B3C3-46B3-9117-6F9842EE448B}.Release|Any CPU.Build.0 = Release|Any CPU
	EndGlobalSection
	GlobalSection(SolutionProperties) = preSolution
		HideSolutionNode = FALSE
	EndGlobalSection
	GlobalSection(ExtensibilityGlobals) = postSolution
		SolutionGuid = {B00A7C4E-1F85-4AC1-B123-B831AB247C9D}
	EndGlobalSection
EndGlobal
